
Microsoft Visual Studio Solution File, Format Version 12.00
# Visual Studio Version 17
VisualStudioVersion = 17.13.35931.197
MinimumVisualStudioVersion = 10.0.40219.1
Project("{FAE04EC0-301F-11D3-BF4B-00C04F79EFBC}") = "SMMS.Testing", "tests\SMMS.Testing\SMMS.Testing.csproj", "{7CD5121B-674F-456E-8E4F-9A4C7C4A9344}"
EndProject
Project("{2150E333-8FDC-42A3-9474-1A3956D46DE8}") = "tests", "tests", "{02EA681E-C7D8-13C7-8484-4AC65E1B71E8}"
EndProject
Project("{2150E333-8FDC-42A3-9474-1A3956D46DE8}") = "src", "src", "{E980FC08-6425-48AD-977A-0A2BE3D4E488}"
EndProject
Global
	GlobalSection(SolutionConfigurationPlatforms) = preSolution
		Debug|Any CPU = Debug|Any CPU
		Release|Any CPU = Release|Any CPU
	EndGlobalSection
	GlobalSection(ProjectConfigurationPlatforms) = postSolution
		{7CD5121B-674F-456E-8E4F-9A4C7C4A9344}.Debug|Any CPU.ActiveCfg = Debug|Any CPU
		{7CD5121B-674F-456E-8E4F-9A4C7C4A9344}.Debug|Any CPU.Build.0 = Debug|Any CPU
		{7CD5121B-674F-456E-8E4F-9A4C7C4A9344}.Release|Any CPU.ActiveCfg = Release|Any CPU
		{7CD5121B-674F-456E-8E4F-9A4C7C4A9344}.Release|Any CPU.Build.0 = Release|Any CPU
	EndGlobalSection
	GlobalSection(SolutionProperties) = preSolution
		HideSolutionNode = FALSE
	EndGlobalSection
	GlobalSection(NestedProjects) = preSolution
		{7CD5121B-674F-456E-8E4F-9A4C7C4A9344} = {02EA681E-C7D8-13C7-8484-4AC65E1B71E8}
	EndGlobalSection
	GlobalSection(ExtensibilityGlobals) = postSolution
		SolutionGuid = {B59AA911-710D-41AE-B9D9-4B7FFB4835A2}
	EndGlobalSection
EndGlobal
